// !$*UTF8*$!
{
	archiveVersion = 1;
	classes = {
	};
	objectVersion = 46;
	objects = {

/* Begin PBXBuildFile section */
		1BB1A4BE1D48AA69008780B6 /* AppDelegate.swift in Sources */ = {isa = PBXBuildFile; fileRef = 1BB1A4BD1D48AA69008780B6 /* AppDelegate.swift */; };
		1BB1A4C01D48AA69008780B6 /* ViewController.swift in Sources */ = {isa = PBXBuildFile; fileRef = 1BB1A4BF1D48AA69008780B6 /* ViewController.swift */; };
		1BB1A4C31D48AA69008780B6 /* Main.storyboard in Resources */ = {isa = PBXBuildFile; fileRef = 1BB1A4C11D48AA69008780B6 /* Main.storyboard */; };
		1BB1A4C51D48AA69008780B6 /* Assets.xcassets in Resources */ = {isa = PBXBuildFile; fileRef = 1BB1A4C41D48AA69008780B6 /* Assets.xcassets */; };
		1BB1A4C81D48AA69008780B6 /* LaunchScreen.storyboard in Resources */ = {isa = PBXBuildFile; fileRef = 1BB1A4C61D48AA69008780B6 /* LaunchScreen.storyboard */; };
		1BB1A4D31D48AA69008780B6 /* Swift21___Tests.swift in Sources */ = {isa = PBXBuildFile; fileRef = 1BB1A4D21D48AA69008780B6 /* Swift21___Tests.swift */; };
		1BB1A4DE1D48AA69008780B6 /* Swift21___UITests.swift in Sources */ = {isa = PBXBuildFile; fileRef = 1BB1A4DD1D48AA69008780B6 /* Swift21___UITests.swift */; };
		1BB1A4EC1D48C523008780B6 /* Test.swift in Sources */ = {isa = PBXBuildFile; fileRef = 1BB1A4EB1D48C523008780B6 /* Test.swift */; };
		1BB1A4EE1D499EE7008780B6 /* Container.swift in Sources */ = {isa = PBXBuildFile; fileRef = 1BB1A4ED1D499EE7008780B6 /* Container.swift */; };
/* End PBXBuildFile section */

/* Begin PBXContainerItemProxy section */
		1BB1A4CF1D48AA69008780B6 /* PBXContainerItemProxy */ = {
			isa = PBXContainerItemProxy;
			containerPortal = 1BB1A4B21D48AA69008780B6 /* Project object */;
			proxyType = 1;
			remoteGlobalIDString = 1BB1A4B91D48AA69008780B6;
			remoteInfo = "Swift21_泛型";
		};
		1BB1A4DA1D48AA69008780B6 /* PBXContainerItemProxy */ = {
			isa = PBXContainerItemProxy;
			containerPortal = 1BB1A4B21D48AA69008780B6 /* Project object */;
			proxyType = 1;
			remoteGlobalIDString = 1BB1A4B91D48AA69008780B6;
			remoteInfo = "Swift21_泛型";
		};
/* End PBXContainerItemProxy section */

/* Begin PBXFileReference section */
		1BB1A4BA1D48AA69008780B6 /* Swift21_泛型.app */ = {isa = PBXFileReference; explicitFileType = wrapper.application; includeInIndex = 0; path = "Swift21_泛型.app"; sourceTree = BUILT_PRODUCTS_DIR; };
		1BB1A4BD1D48AA69008780B6 /* AppDelegate.swift */ = {isa = PBXFileReference; lastKnownFileType = sourcecode.swift; path = AppDelegate.swift; sourceTree = "<group>"; };
		1BB1A4BF1D48AA69008780B6 /* ViewController.swift */ = {isa = PBXFileReference; lastKnownFileType = sourcecode.swift; path = ViewController.swift; sourceTree = "<group>"; };
		1BB1A4C21D48AA69008780B6 /* Base */ = {isa = PBXFileReference; lastKnownFileType = file.storyboard; name = Base; path = Base.lproj/Main.storyboard; sourceTree = "<group>"; };
		1BB1A4C41D48AA69008780B6 /* Assets.xcassets */ = {isa = PBXFileReference; lastKnownFileType = folder.assetcatalog; path = Assets.xcassets; sourceTree = "<group>"; };
		1BB1A4C71D48AA69008780B6 /* Base */ = {isa = PBXFileReference; lastKnownFileType = file.storyboard; name = Base; path = Base.lproj/LaunchScreen.storyboard; sourceTree = "<group>"; };
		1BB1A4C91D48AA69008780B6 /* Info.plist */ = {isa = PBXFileReference; lastKnownFileType = text.plist.xml; path = Info.plist; sourceTree = "<group>"; };
		1BB1A4CE1D48AA69008780B6 /* Swift21_泛型Tests.xctest */ = {isa = PBXFileReference; explicitFileType = wrapper.cfbundle; includeInIndex = 0; path = "Swift21_泛型Tests.xctest"; sourceTree = BUILT_PRODUCTS_DIR; };
		1BB1A4D21D48AA69008780B6 /* Swift21___Tests.swift */ = {isa = PBXFileReference; lastKnownFileType = sourcecode.swift; path = "Swift21___Tests.swift"; sourceTree = "<group>"; };
		1BB1A4D41D48AA69008780B6 /* Info.plist */ = {isa = PBXFileReference; lastKnownFileType = text.plist.xml; path = Info.plist; sourceTree = "<group>"; };
		1BB1A4D91D48AA69008780B6 /* Swift21_泛型UITests.xctest */ = {isa = PBXFileReference; explicitFileType = wrapper.cfbundle; includeInIndex = 0; path = "Swift21_泛型UITests.xctest"; sourceTree = BUILT_PRODUCTS_DIR; };
		1BB1A4DD1D48AA69008780B6 /* Swift21___UITests.swift */ = {isa = PBXFileReference; lastKnownFileType = sourcecode.swift; path = "Swift21___UITests.swift"; sourceTree = "<group>"; };
		1BB1A4DF1D48AA69008780B6 /* Info.plist */ = {isa = PBXFileReference; lastKnownFileType = text.plist.xml; path = Info.plist; sourceTree = "<group>"; };
		1BB1A4EB1D48C523008780B6 /* Test.swift */ = {isa = PBXFileReference; fileEncoding = 4; lastKnownFileType = sourcecode.swift; path = Test.swift; sourceTree = "<group>"; };
		1BB1A4ED1D499EE7008780B6 /* Container.swift */ = {isa = PBXFileReference; fileEncoding = 4; lastKnownFileType = sourcecode.swift; path = Container.swift; sourceTree = "<group>"; };
/* End PBXFileReference section */

/* Begin PBXFrameworksBuildPhase section */
		1BB1A4B71D48AA69008780B6 /* Frameworks */ = {
			isa = PBXFrameworksBuildPhase;
			buildActionMask = 2147483647;
			files = (
			);
			runOnlyForDeploymentPostprocessing = 0;
		};
		1BB1A4CB1D48AA69008780B6 /* Frameworks */ = {
			isa = PBXFrameworksBuildPhase;
			buildActionMask = 2147483647;
			files = (
			);
			runOnlyForDeploymentPostprocessing = 0;
		};
		1BB1A4D61D48AA69008780B6 /* Frameworks */ = {
			isa = PBXFrameworksBuildPhase;
			buildActionMask = 2147483647;
			files = (
			);
			runOnlyForDeploymentPostprocessing = 0;
		};
/* End PBXFrameworksBuildPhase section */

/* Begin PBXGroup section */
		1BB1A4B11D48AA69008780B6 = {
			isa = PBXGroup;
			children = (
				1BB1A4BC1D48AA69008780B6 /* Swift21_泛型 */,
				1BB1A4D11D48AA69008780B6 /* Swift21_泛型Tests */,
				1BB1A4DC1D48AA69008780B6 /* Swift21_泛型UITests */,
				1BB1A4BB1D48AA69008780B6 /* Products */,
			);
			sourceTree = "<group>";
		};
		1BB1A4BB1D48AA69008780B6 /* Products */ = {
			isa = PBXGroup;
			children = (
				1BB1A4BA1D48AA69008780B6 /* Swift21_泛型.app */,
				1BB1A4CE1D48AA69008780B6 /* Swift21_泛型Tests.xctest */,
				1BB1A4D91D48AA69008780B6 /* Swift21_泛型UITests.xctest */,
			);
			name = Products;
			sourceTree = "<group>";
		};
		1BB1A4BC1D48AA69008780B6 /* Swift21_泛型 */ = {
			isa = PBXGroup;
			children = (
				1BB1A4BD1D48AA69008780B6 /* AppDelegate.swift */,
				1BB1A4BF1D48AA69008780B6 /* ViewController.swift */,
				1BB1A4ED1D499EE7008780B6 /* Container.swift */,
				1BB1A4EB1D48C523008780B6 /* Test.swift */,
				1BB1A4C11D48AA69008780B6 /* Main.storyboard */,
				1BB1A4C41D48AA69008780B6 /* Assets.xcassets */,
				1BB1A4C61D48AA69008780B6 /* LaunchScreen.storyboard */,
				1BB1A4C91D48AA69008780B6 /* Info.plist */,
			);
			path = "Swift21_泛型";
			sourceTree = "<group>";
		};
		1BB1A4D11D48AA69008780B6 /* Swift21_泛型Tests */ = {
			isa = PBXGroup;
			children = (
				1BB1A4D21D48AA69008780B6 /* Swift21___Tests.swift */,
				1BB1A4D41D48AA69008780B6 /* Info.plist */,
			);
			path = "Swift21_泛型Tests";
			sourceTree = "<group>";
		};
		1BB1A4DC1D48AA69008780B6 /* Swift21_泛型UITests */ = {
			isa = PBXGroup;
			children = (
				1BB1A4DD1D48AA69008780B6 /* Swift21___UITests.swift */,
				1BB1A4DF1D48AA69008780B6 /* Info.plist */,
			);
			path = "Swift21_泛型UITests";
			sourceTree = "<group>";
		};
/* End PBXGroup section */

/* Begin PBXNativeTarget section */
		1BB1A4B91D48AA69008780B6 /* Swift21_泛型 */ = {
			isa = PBXNativeTarget;
			buildConfigurationList = 1BB1A4E21D48AA69008780B6 /* Build configuration list for PBXNativeTarget "Swift21_泛型" */;
			buildPhases = (
				1BB1A4B61D48AA69008780B6 /* Sources */,
				1BB1A4B71D48AA69008780B6 /* Frameworks */,
				1BB1A4B81D48AA69008780B6 /* Resources */,
			);
			buildRules = (
			);
			dependencies = (
			);
			name = "Swift21_泛型";
			productName = "Swift21_泛型";
			productReference = 1BB1A4BA1D48AA69008780B6 /* Swift21_泛型.app */;
			productType = "com.apple.product-type.application";
		};
		1BB1A4CD1D48AA69008780B6 /* Swift21_泛型Tests */ = {
			isa = PBXNativeTarget;
			buildConfigurationList = 1BB1A4E51D48AA69008780B6 /* Build configuration list for PBXNativeTarget "Swift21_泛型Tests" */;
			buildPhases = (
				1BB1A4CA1D48AA69008780B6 /* Sources */,
				1BB1A4CB1D48AA69008780B6 /* Frameworks */,
				1BB1A4CC1D48AA69008780B6 /* Resources */,
			);
			buildRules = (
			);
			dependencies = (
				1BB1A4D01D48AA69008780B6 /* PBXTargetDependency */,
			);
			name = "Swift21_泛型Tests";
			productName = "Swift21_泛型Tests";
			productReference = 1BB1A4CE1D48AA69008780B6 /* Swift21_泛型Tests.xctest */;
			productType = "com.apple.product-type.bundle.unit-test";
		};
		1BB1A4D81D48AA69008780B6 /* Swift21_泛型UITests */ = {
			isa = PBXNativeTarget;
			buildConfigurationList = 1BB1A4E81D48AA69008780B6 /* Build configuration list for PBXNativeTarget "Swift21_泛型UITests" */;
			buildPhases = (
				1BB1A4D51D48AA69008780B6 /* Sources */,
				1BB1A4D61D48AA69008780B6 /* Frameworks */,
				1BB1A4D71D48AA69008780B6 /* Resources */,
			);
			buildRules = (
			);
			dependencies = (
				1BB1A4DB1D48AA69008780B6 /* PBXTargetDependency */,
			);
			name = "Swift21_泛型UITests";
			productName = "Swift21_泛型UITests";
			productReference = 1BB1A4D91D48AA69008780B6 /* Swift21_泛型UITests.xctest */;
			productType = "com.apple.product-type.bundle.ui-testing";
		};
/* End PBXNativeTarget section */

/* Begin PBXProject section */
		1BB1A4B21D48AA69008780B6 /* Project object */ = {
			isa = PBXProject;
			attributes = {
				LastSwiftUpdateCheck = 0730;
				LastUpgradeCheck = 0730;
				ORGANIZATIONNAME = sks;
				TargetAttributes = {
					1BB1A4B91D48AA69008780B6 = {
						CreatedOnToolsVersion = 7.3.1;
					};
					1BB1A4CD1D48AA69008780B6 = {
						CreatedOnToolsVersion = 7.3.1;
						TestTargetID = 1BB1A4B91D48AA69008780B6;
					};
					1BB1A4D81D48AA69008780B6 = {
						CreatedOnToolsVersion = 7.3.1;
						TestTargetID = 1BB1A4B91D48AA69008780B6;
					};
				};
			};
			buildConfigurationList = 1BB1A4B51D48AA69008780B6 /* Build configuration list for PBXProject "Swift21_泛型" */;
			compatibilityVersion = "Xcode 3.2";
			developmentRegion = English;
			hasScannedForEncodings = 0;
			knownRegions = (
				en,
				Base,
			);
			mainGroup = 1BB1A4B11D48AA69008780B6;
			productRefGroup = 1BB1A4BB1D48AA69008780B6 /* Products */;
			projectDirPath = "";
			projectRoot = "";
			targets = (
				1BB1A4B91D48AA69008780B6 /* Swift21_泛型 */,
				1BB1A4CD1D48AA69008780B6 /* Swift21_泛型Tests */,
				1BB1A4D81D48AA69008780B6 /* Swift21_泛型UITests */,
			);
		};
/* End PBXProject section */

/* Begin PBXResourcesBuildPhase section */
		1BB1A4B81D48AA69008780B6 /* Resources */ = {
			isa = PBXResourcesBuildPhase;
			buildActionMask = 2147483647;
			files = (
				1BB1A4C81D48AA69008780B6 /* LaunchScreen.storyboard in Resources */,
				1BB1A4C51D48AA69008780B6 /* Assets.xcassets in Resources */,
				1BB1A4C31D48AA69008780B6 /* Main.storyboard in Resources */,
			);
			runOnlyForDeploymentPostprocessing = 0;
		};
		1BB1A4CC1D48AA69008780B6 /* Resources */ = {
			isa = PBXResourcesBuildPhase;
			buildActionMask = 2147483647;
			files = (
			);
			runOnlyForDeploymentPostprocessing = 0;
		};
		1BB1A4D71D48AA69008780B6 /* Resources */ = {
			isa = PBXResourcesBuildPhase;
			buildActionMask = 2147483647;
			files = (
			);
			runOnlyForDeploymentPostprocessing = 0;
		};
/* End PBXResourcesBuildPhase section */

/* Begin PBXSourcesBuildPhase section */
		1BB1A4B61D48AA69008780B6 /* Sources */ = {
			isa = PBXSourcesBuildPhase;
			buildActionMask = 2147483647;
			files = (
				1BB1A4C01D48AA69008780B6 /* ViewController.swift in Sources */,
				1BB1A4EE1D499EE7008780B6 /* Container.swift in Sources */,
				1BB1A4BE1D48AA69008780B6 /* AppDelegate.swift in Sources */,
				1BB1A4EC1D48C523008780B6 /* Test.swift in Sources */,
			);
			runOnlyForDeploymentPostprocessing = 0;
		};
		1BB1A4CA1D48AA69008780B6 /* Sources */ = {
			isa = PBXSourcesBuildPhase;
			buildActionMask = 2147483647;
			files = (
				1BB1A4D31D48AA69008780B6 /* Swift21___Tests.swift in Sources */,
			);
			runOnlyForDeploymentPostprocessing = 0;
		};
		1BB1A4D51D48AA69008780B6 /* Sources */ = {
			isa = PBXSourcesBuildPhase;
			buildActionMask = 2147483647;
			files = (
				1BB1A4DE1D48AA69008780B6 /* Swift21___UITests.swift in Sources */,
			);
			runOnlyForDeploymentPostprocessing = 0;
		};
/* End PBXSourcesBuildPhase section */

/* Begin PBXTargetDependency section */
		1BB1A4D01D48AA69008780B6 /* PBXTargetDependency */ = {
			isa = PBXTargetDependency;
			target = 1BB1A4B91D48AA69008780B6 /* Swift21_泛型 */;
			targetProxy = 1BB1A4CF1D48AA69008780B6 /* PBXContainerItemProxy */;
		};
		1BB1A4DB1D48AA69008780B6 /* PBXTargetDependency */ = {
			isa = PBXTargetDependency;
			target = 1BB1A4B91D48AA69008780B6 /* Swift21_泛型 */;
			targetProxy = 1BB1A4DA1D48AA69008780B6 /* PBXContainerItemProxy */;
		};
/* End PBXTargetDependency section */

/* Begin PBXVariantGroup section */
		1BB1A4C11D48AA69008780B6 /* Main.storyboard */ = {
			isa = PBXVariantGroup;
			children = (
				1BB1A4C21D48AA69008780B6 /* Base */,
			);
			name = Main.storyboard;
			sourceTree = "<group>";
		};
		1BB1A4C61D48AA69008780B6 /* LaunchScreen.storyboard */ = {
			isa = PBXVariantGroup;
			children = (
				1BB1A4C71D48AA69008780B6 /* Base */,
			);
			name = LaunchScreen.storyboard;
			sourceTree = "<group>";
		};
/* End PBXVariantGroup section */

/* Begin XCBuildConfiguration section */
		1BB1A4E01D48AA69008780B6 /* Debug */ = {
			isa = XCBuildConfiguration;
			buildSettings = {
				ALWAYS_SEARCH_USER_PATHS = NO;
				CLANG_ANALYZER_NONNULL = YES;
				CLANG_CXX_LANGUAGE_STANDARD = "gnu++0x";
				CLANG_CXX_LIBRARY = "libc++";
				CLANG_ENABLE_MODULES = YES;
				CLANG_ENABLE_OBJC_ARC = YES;
				CLANG_WARN_BOOL_CONVERSION = YES;
				CLANG_WARN_CONSTANT_CONVERSION = YES;
				CLANG_WARN_DIRECT_OBJC_ISA_USAGE = YES_ERROR;
				CLANG_WARN_EMPTY_BODY = YES;
				CLANG_WARN_ENUM_CONVERSION = YES;
				CLANG_WARN_INT_CONVERSION = YES;
				CLANG_WARN_OBJC_ROOT_CLASS = YES_ERROR;
				CLANG_WARN_UNREACHABLE_CODE = YES;
				CLANG_WARN__DUPLICATE_METHOD_MATCH = YES;
				"CODE_SIGN_IDENTITY[sdk=iphoneos*]" = "iPhone Developer";
				COPY_PHASE_STRIP = NO;
				DEBUG_INFORMATION_FORMAT = dwarf;
				ENABLE_STRICT_OBJC_MSGSEND = YES;
				ENABLE_TESTABILITY = YES;
				GCC_C_LANGUAGE_STANDARD = gnu99;
				GCC_DYNAMIC_NO_PIC = NO;
				GCC_NO_COMMON_BLOCKS = YES;
				GCC_OPTIMIZATION_LEVEL = 0;
				GCC_PREPROCESSOR_DEFINITIONS = (
					"DEBUG=1",
					"$(inherited)",
				);
				GCC_WARN_64_TO_32_BIT_CONVERSION = YES;
				GCC_WARN_ABOUT_RETURN_TYPE = YES_ERROR;
				GCC_WARN_UNDECLARED_SELECTOR = YES;
				GCC_WARN_UNINITIALIZED_AUTOS = YES_AGGRESSIVE;
				GCC_WARN_UNUSED_FUNCTION = YES;
				GCC_WARN_UNUSED_VARIABLE = YES;
				IPHONEOS_DEPLOYMENT_TARGET = 9.3;
				MTL_ENABLE_DEBUG_INFO = YES;
				ONLY_ACTIVE_ARCH = YES;
				SDKROOT = iphoneos;
				SWIFT_OPTIMIZATION_LEVEL = "-Onone";
				TARGETED_DEVICE_FAMILY = "1,2";
			};
			name = Debug;
		};
		1BB1A4E11D48AA69008780B6 /* Release */ = {
			isa = XCBuildConfiguration;
			buildSettings = {
				ALWAYS_SEARCH_USER_PATHS = NO;
				CLANG_ANALYZER_NONNULL = YES;
				CLANG_CXX_LANGUAGE_STANDARD = "gnu++0x";
				CLANG_CXX_LIBRARY = "libc++";
				CLANG_ENABLE_MODULES = YES;
				CLANG_ENABLE_OBJC_ARC = YES;
				CLANG_WARN_BOOL_CONVERSION = YES;
				CLANG_WARN_CONSTANT_CONVERSION = YES;
				CLANG_WARN_DIRECT_OBJC_ISA_USAGE = YES_ERROR;
				CLANG_WARN_EMPTY_BODY = YES;
				CLANG_WARN_ENUM_CONVERSION = YES;
				CLANG_WARN_INT_CONVERSION = YES;
				CLANG_WARN_OBJC_ROOT_CLASS = YES_ERROR;
				CLANG_WARN_UNREACHABLE_CODE = YES;
				CLANG_WARN__DUPLICATE_METHOD_MATCH = YES;
				"CODE_SIGN_IDENTITY[sdk=iphoneos*]" = "iPhone Developer";
				COPY_PHASE_STRIP = NO;
				DEBUG_INFORMATION_FORMAT = "dwarf-with-dsym";
				ENABLE_NS_ASSERTIONS = NO;
				ENABLE_STRICT_OBJC_MSGSEND = YES;
				GCC_C_LANGUAGE_STANDARD = gnu99;
				GCC_NO_COMMON_BLOCKS = YES;
				GCC_WARN_64_TO_32_BIT_CONVERSION = YES;
				GCC_WARN_ABOUT_RETURN_TYPE = YES_ERROR;
				GCC_WARN_UNDECLARED_SELECTOR = YES;
				GCC_WARN_UNINITIALIZED_AUTOS = YES_AGGRESSIVE;
				GCC_WARN_UNUSED_FUNCTION = YES;
				GCC_WARN_UNUSED_VARIABLE = YES;
				IPHONEOS_DEPLOYMENT_TARGET = 9.3;
				MTL_ENABLE_DEBUG_INFO = NO;
				SDKROOT = iphoneos;
				TARGETED_DEVICE_FAMILY = "1,2";
				VALIDATE_PRODUCT = YES;
			};
			name = Release;
		};
		1BB1A4E31D48AA69008780B6 /* Debug */ = {
			isa = XCBuildConfiguration;
			buildSettings = {
				ASSETCATALOG_COMPILER_APPICON_NAME = AppIcon;
				INFOPLIST_FILE = "Swift21_泛型/Info.plist";
				LD_RUNPATH_SEARCH_PATHS = "$(inherited) @executable_path/Frameworks";
				PRODUCT_BUNDLE_IDENTIFIER = "cn.walkingtec.Swift21---";
				PRODUCT_NAME = "$(TARGET_NAME)";
			};
			name = Debug;
		};
		1BB1A4E41D48AA69008780B6 /* Release */ = {
			isa = XCBuildConfiguration;
			buildSettings = {
				ASSETCATALOG_COMPILER_APPICON_NAME = AppIcon;
				INFOPLIST_FILE = "Swift21_泛型/Info.plist";
				LD_RUNPATH_SEARCH_PATHS = "$(inherited) @executable_path/Frameworks";
				PRODUCT_BUNDLE_IDENTIFIER = "cn.walkingtec.Swift21---";
				PRODUCT_NAME = "$(TARGET_NAME)";
			};
			name = Release;
		};
		1BB1A4E61D48AA69008780B6 /* Debug */ = {
			isa = XCBuildConfiguration;
			buildSettings = {
				BUNDLE_LOADER = "$(TEST_HOST)";
				INFOPLIST_FILE = "Swift21_泛型Tests/Info.plist";
				LD_RUNPATH_SEARCH_PATHS = "$(inherited) @executable_path/Frameworks @loader_path/Frameworks";
				PRODUCT_BUNDLE_IDENTIFIER = "cn.walkingtec.Swift21---Tests";
				PRODUCT_NAME = "$(TARGET_NAME)";
				TEST_HOST = "$(BUILT_PRODUCTS_DIR)/Swift21_泛型.app/Swift21_泛型";
			};
			name = Debug;
		};
		1BB1A4E71D48AA69008780B6 /* Release */ = {
			isa = XCBuildConfiguration;
			buildSettings = {
				BUNDLE_LOADER = "$(TEST_HOST)";
				INFOPLIST_FILE = "Swift21_泛型Tests/Info.plist";
				LD_RUNPATH_SEARCH_PATHS = "$(inherited) @executable_path/Frameworks @loader_path/Frameworks";
				PRODUCT_BUNDLE_IDENTIFIER = "cn.walkingtec.Swift21---Tests";
				PRODUCT_NAME = "$(TARGET_NAME)";
				TEST_HOST = "$(BUILT_PRODUCTS_DIR)/Swift21_泛型.app/Swift21_泛型";
			};
			name = Release;
		};
		1BB1A4E91D48AA69008780B6 /* Debug */ = {
			isa = XCBuildConfiguration;
			buildSettings = {
				INFOPLIST_FILE = "Swift21_泛型UITests/Info.plist";
				LD_RUNPATH_SEARCH_PATHS = "$(inherited) @executable_path/Frameworks @loader_path/Frameworks";
				PRODUCT_BUNDLE_IDENTIFIER = "cn.walkingtec.Swift21---UITests";
				PRODUCT_NAME = "$(TARGET_NAME)";
				TEST_TARGET_NAME = "Swift21_泛型";
			};
			name = Debug;
		};
		1BB1A4EA1D48AA69008780B6 /* Release */ = {
			isa = XCBuildConfiguration;
			buildSettings = {
				INFOPLIST_FILE = "Swift21_泛型UITests/Info.plist";
				LD_RUNPATH_SEARCH_PATHS = "$(inherited) @executable_path/Frameworks @loader_path/Frameworks";
				PRODUCT_BUNDLE_IDENTIFIER = "cn.walkingtec.Swift21---UITests";
				PRODUCT_NAME = "$(TARGET_NAME)";
				TEST_TARGET_NAME = "Swift21_泛型";
			};
			name = Release;
		};
/* End XCBuildConfiguration section */

/* Begin XCConfigurationList section */
		1BB1A4B51D48AA69008780B6 /* Build configuration list for PBXProject "Swift21_泛型" */ = {
			isa = XCConfigurationList;
			buildConfigurations = (
				1BB1A4E01D48AA69008780B6 /* Debug */,
				1BB1A4E11D48AA69008780B6 /* Release */,
			);
			defaultConfigurationIsVisible = 0;
			defaultConfigurationName = Release;
		};
		1BB1A4E21D48AA69008780B6 /* Build configuration list for PBXNativeTarget "Swift21_泛型" */ = {
			isa = XCConfigurationList;
			buildConfigurations = (
				1BB1A4E31D48AA69008780B6 /* Debug */,
				1BB1A4E41D48AA69008780B6 /* Release */,
			);
			defaultConfigurationIsVisible = 0;
		};
		1BB1A4E51D48AA69008780B6 /* Build configuration list for PBXNativeTarget "Swift21_泛型Tests" */ = {
			isa = XCConfigurationList;
			buildConfigurations = (
				1BB1A4E61D48AA69008780B6 /* Debug */,
				1BB1A4E71D48AA69008780B6 /* Release */,
			);
			defaultConfigurationIsVisible = 0;
		};
		1BB1A4E81D48AA69008780B6 /* Build configuration list for PBXNativeTarget "Swift21_泛型UITests" */ = {
			isa = XCConfigurationList;
			buildConfigurations = (
				1BB1A4E91D48AA69008780B6 /* Debug */,
				1BB1A4EA1D48AA69008780B6 /* Release */,
			);
			defaultConfigurationIsVisible = 0;
		};
/* End XCConfigurationList section */
	};
	rootObject = 1BB1A4B21D48AA69008780B6 /* Project object */;
}
