// !$*UTF8*$!
{
	archiveVersion = 1;
	classes = {
	};
	objectVersion = 46;
	objects = {

/* Begin PBXBuildFile section */
		1B338A451D52D02A009C1BCE /* ViewExtension.swift in Sources */ = {isa = PBXBuildFile; fileRef = 1B338A441D52D02A009C1BCE /* ViewExtension.swift */; };
		1BFCE7821D51FA5400EA3FF5 /* AppDelegate.swift in Sources */ = {isa = PBXBuildFile; fileRef = 1BFCE7811D51FA5400EA3FF5 /* AppDelegate.swift */; };
		1BFCE7841D51FA5400EA3FF5 /* ViewController.swift in Sources */ = {isa = PBXBuildFile; fileRef = 1BFCE7831D51FA5400EA3FF5 /* ViewController.swift */; };
		1BFCE7871D51FA5400EA3FF5 /* Main.storyboard in Resources */ = {isa = PBXBuildFile; fileRef = 1BFCE7851D51FA5400EA3FF5 /* Main.storyboard */; };
		1BFCE7891D51FA5400EA3FF5 /* Assets.xcassets in Resources */ = {isa = PBXBuildFile; fileRef = 1BFCE7881D51FA5400EA3FF5 /* Assets.xcassets */; };
		1BFCE78C1D51FA5400EA3FF5 /* LaunchScreen.storyboard in Resources */ = {isa = PBXBuildFile; fileRef = 1BFCE78A1D51FA5400EA3FF5 /* LaunchScreen.storyboard */; };
		1BFCE7971D51FA5400EA3FF5 /* Swift_ResponderChainTests.swift in Sources */ = {isa = PBXBuildFile; fileRef = 1BFCE7961D51FA5400EA3FF5 /* Swift_ResponderChainTests.swift */; };
		1BFCE7A21D51FA5400EA3FF5 /* Swift_ResponderChainUITests.swift in Sources */ = {isa = PBXBuildFile; fileRef = 1BFCE7A11D51FA5400EA3FF5 /* Swift_ResponderChainUITests.swift */; };
		1BFCE7B01D52093500EA3FF5 /* Test.swift in Sources */ = {isa = PBXBuildFile; fileRef = 1BFCE7AF1D52093500EA3FF5 /* Test.swift */; };
/* End PBXBuildFile section */

/* Begin PBXContainerItemProxy section */
		1BFCE7931D51FA5400EA3FF5 /* PBXContainerItemProxy */ = {
			isa = PBXContainerItemProxy;
			containerPortal = 1BFCE7761D51FA5400EA3FF5 /* Project object */;
			proxyType = 1;
			remoteGlobalIDString = 1BFCE77D1D51FA5400EA3FF5;
			remoteInfo = Swift_ResponderChain;
		};
		1BFCE79E1D51FA5400EA3FF5 /* PBXContainerItemProxy */ = {
			isa = PBXContainerItemProxy;
			containerPortal = 1BFCE7761D51FA5400EA3FF5 /* Project object */;
			proxyType = 1;
			remoteGlobalIDString = 1BFCE77D1D51FA5400EA3FF5;
			remoteInfo = Swift_ResponderChain;
		};
/* End PBXContainerItemProxy section */

/* Begin PBXFileReference section */
		1B338A441D52D02A009C1BCE /* ViewExtension.swift */ = {isa = PBXFileReference; fileEncoding = 4; lastKnownFileType = sourcecode.swift; path = ViewExtension.swift; sourceTree = "<group>"; };
		1BFCE77E1D51FA5400EA3FF5 /* Swift_ResponderChain.app */ = {isa = PBXFileReference; explicitFileType = wrapper.application; includeInIndex = 0; path = Swift_ResponderChain.app; sourceTree = BUILT_PRODUCTS_DIR; };
		1BFCE7811D51FA5400EA3FF5 /* AppDelegate.swift */ = {isa = PBXFileReference; lastKnownFileType = sourcecode.swift; path = AppDelegate.swift; sourceTree = "<group>"; };
		1BFCE7831D51FA5400EA3FF5 /* ViewController.swift */ = {isa = PBXFileReference; lastKnownFileType = sourcecode.swift; path = ViewController.swift; sourceTree = "<group>"; };
		1BFCE7861D51FA5400EA3FF5 /* Base */ = {isa = PBXFileReference; lastKnownFileType = file.storyboard; name = Base; path = Base.lproj/Main.storyboard; sourceTree = "<group>"; };
		1BFCE7881D51FA5400EA3FF5 /* Assets.xcassets */ = {isa = PBXFileReference; lastKnownFileType = folder.assetcatalog; path = Assets.xcassets; sourceTree = "<group>"; };
		1BFCE78B1D51FA5400EA3FF5 /* Base */ = {isa = PBXFileReference; lastKnownFileType = file.storyboard; name = Base; path = Base.lproj/LaunchScreen.storyboard; sourceTree = "<group>"; };
		1BFCE78D1D51FA5400EA3FF5 /* Info.plist */ = {isa = PBXFileReference; lastKnownFileType = text.plist.xml; path = Info.plist; sourceTree = "<group>"; };
		1BFCE7921D51FA5400EA3FF5 /* Swift_ResponderChainTests.xctest */ = {isa = PBXFileReference; explicitFileType = wrapper.cfbundle; includeInIndex = 0; path = Swift_ResponderChainTests.xctest; sourceTree = BUILT_PRODUCTS_DIR; };
		1BFCE7961D51FA5400EA3FF5 /* Swift_ResponderChainTests.swift */ = {isa = PBXFileReference; lastKnownFileType = sourcecode.swift; path = Swift_ResponderChainTests.swift; sourceTree = "<group>"; };
		1BFCE7981D51FA5400EA3FF5 /* Info.plist */ = {isa = PBXFileReference; lastKnownFileType = text.plist.xml; path = Info.plist; sourceTree = "<group>"; };
		1BFCE79D1D51FA5400EA3FF5 /* Swift_ResponderChainUITests.xctest */ = {isa = PBXFileReference; explicitFileType = wrapper.cfbundle; includeInIndex = 0; path = Swift_ResponderChainUITests.xctest; sourceTree = BUILT_PRODUCTS_DIR; };
		1BFCE7A11D51FA5400EA3FF5 /* Swift_ResponderChainUITests.swift */ = {isa = PBXFileReference; lastKnownFileType = sourcecode.swift; path = Swift_ResponderChainUITests.swift; sourceTree = "<group>"; };
		1BFCE7A31D51FA5400EA3FF5 /* Info.plist */ = {isa = PBXFileReference; lastKnownFileType = text.plist.xml; path = Info.plist; sourceTree = "<group>"; };
		1BFCE7AF1D52093500EA3FF5 /* Test.swift */ = {isa = PBXFileReference; fileEncoding = 4; lastKnownFileType = sourcecode.swift; path = Test.swift; sourceTree = "<group>"; };
/* End PBXFileReference section */

/* Begin PBXFrameworksBuildPhase section */
		1BFCE77B1D51FA5400EA3FF5 /* Frameworks */ = {
			isa = PBXFrameworksBuildPhase;
			buildActionMask = 2147483647;
			files = (
			);
			runOnlyForDeploymentPostprocessing = 0;
		};
		1BFCE78F1D51FA5400EA3FF5 /* Frameworks */ = {
			isa = PBXFrameworksBuildPhase;
			buildActionMask = 2147483647;
			files = (
			);
			runOnlyForDeploymentPostprocessing = 0;
		};
		1BFCE79A1D51FA5400EA3FF5 /* Frameworks */ = {
			isa = PBXFrameworksBuildPhase;
			buildActionMask = 2147483647;
			files = (
			);
			runOnlyForDeploymentPostprocessing = 0;
		};
/* End PBXFrameworksBuildPhase section */

/* Begin PBXGroup section */
		1BFCE7751D51FA5400EA3FF5 = {
			isa = PBXGroup;
			children = (
				1BFCE7801D51FA5400EA3FF5 /* Swift_ResponderChain */,
				1BFCE7951D51FA5400EA3FF5 /* Swift_ResponderChainTests */,
				1BFCE7A01D51FA5400EA3FF5 /* Swift_ResponderChainUITests */,
				1BFCE77F1D51FA5400EA3FF5 /* Products */,
			);
			sourceTree = "<group>";
		};
		1BFCE77F1D51FA5400EA3FF5 /* Products */ = {
			isa = PBXGroup;
			children = (
				1BFCE77E1D51FA5400EA3FF5 /* Swift_ResponderChain.app */,
				1BFCE7921D51FA5400EA3FF5 /* Swift_ResponderChainTests.xctest */,
				1BFCE79D1D51FA5400EA3FF5 /* Swift_ResponderChainUITests.xctest */,
			);
			name = Products;
			sourceTree = "<group>";
		};
		1BFCE7801D51FA5400EA3FF5 /* Swift_ResponderChain */ = {
			isa = PBXGroup;
			children = (
				1BFCE7811D51FA5400EA3FF5 /* AppDelegate.swift */,
				1BFCE7831D51FA5400EA3FF5 /* ViewController.swift */,
				1B338A441D52D02A009C1BCE /* ViewExtension.swift */,
				1BFCE7AF1D52093500EA3FF5 /* Test.swift */,
				1BFCE7851D51FA5400EA3FF5 /* Main.storyboard */,
				1BFCE7881D51FA5400EA3FF5 /* Assets.xcassets */,
				1BFCE78A1D51FA5400EA3FF5 /* LaunchScreen.storyboard */,
				1BFCE78D1D51FA5400EA3FF5 /* Info.plist */,
			);
			path = Swift_ResponderChain;
			sourceTree = "<group>";
		};
		1BFCE7951D51FA5400EA3FF5 /* Swift_ResponderChainTests */ = {
			isa = PBXGroup;
			children = (
				1BFCE7961D51FA5400EA3FF5 /* Swift_ResponderChainTests.swift */,
				1BFCE7981D51FA5400EA3FF5 /* Info.plist */,
			);
			path = Swift_ResponderChainTests;
			sourceTree = "<group>";
		};
		1BFCE7A01D51FA5400EA3FF5 /* Swift_ResponderChainUITests */ = {
			isa = PBXGroup;
			children = (
				1BFCE7A11D51FA5400EA3FF5 /* Swift_ResponderChainUITests.swift */,
				1BFCE7A31D51FA5400EA3FF5 /* Info.plist */,
			);
			path = Swift_ResponderChainUITests;
			sourceTree = "<group>";
		};
/* End PBXGroup section */

/* Begin PBXNativeTarget section */
		1BFCE77D1D51FA5400EA3FF5 /* Swift_ResponderChain */ = {
			isa = PBXNativeTarget;
			buildConfigurationList = 1BFCE7A61D51FA5400EA3FF5 /* Build configuration list for PBXNativeTarget "Swift_ResponderChain" */;
			buildPhases = (
				1BFCE77A1D51FA5400EA3FF5 /* Sources */,
				1BFCE77B1D51FA5400EA3FF5 /* Frameworks */,
				1BFCE77C1D51FA5400EA3FF5 /* Resources */,
			);
			buildRules = (
			);
			dependencies = (
			);
			name = Swift_ResponderChain;
			productName = Swift_ResponderChain;
			productReference = 1BFCE77E1D51FA5400EA3FF5 /* Swift_ResponderChain.app */;
			productType = "com.apple.product-type.application";
		};
		1BFCE7911D51FA5400EA3FF5 /* Swift_ResponderChainTests */ = {
			isa = PBXNativeTarget;
			buildConfigurationList = 1BFCE7A91D51FA5400EA3FF5 /* Build configuration list for PBXNativeTarget "Swift_ResponderChainTests" */;
			buildPhases = (
				1BFCE78E1D51FA5400EA3FF5 /* Sources */,
				1BFCE78F1D51FA5400EA3FF5 /* Frameworks */,
				1BFCE7901D51FA5400EA3FF5 /* Resources */,
			);
			buildRules = (
			);
			dependencies = (
				1BFCE7941D51FA5400EA3FF5 /* PBXTargetDependency */,
			);
			name = Swift_ResponderChainTests;
			productName = Swift_ResponderChainTests;
			productReference = 1BFCE7921D51FA5400EA3FF5 /* Swift_ResponderChainTests.xctest */;
			productType = "com.apple.product-type.bundle.unit-test";
		};
		1BFCE79C1D51FA5400EA3FF5 /* Swift_ResponderChainUITests */ = {
			isa = PBXNativeTarget;
			buildConfigurationList = 1BFCE7AC1D51FA5400EA3FF5 /* Build configuration list for PBXNativeTarget "Swift_ResponderChainUITests" */;
			buildPhases = (
				1BFCE7991D51FA5400EA3FF5 /* Sources */,
				1BFCE79A1D51FA5400EA3FF5 /* Frameworks */,
				1BFCE79B1D51FA5400EA3FF5 /* Resources */,
			);
			buildRules = (
			);
			dependencies = (
				1BFCE79F1D51FA5400EA3FF5 /* PBXTargetDependency */,
			);
			name = Swift_ResponderChainUITests;
			productName = Swift_ResponderChainUITests;
			productReference = 1BFCE79D1D51FA5400EA3FF5 /* Swift_ResponderChainUITests.xctest */;
			productType = "com.apple.product-type.bundle.ui-testing";
		};
/* End PBXNativeTarget section */

/* Begin PBXProject section */
		1BFCE7761D51FA5400EA3FF5 /* Project object */ = {
			isa = PBXProject;
			attributes = {
				LastSwiftUpdateCheck = 0730;
				LastUpgradeCheck = 0730;
				ORGANIZATIONNAME = sks;
				TargetAttributes = {
					1BFCE77D1D51FA5400EA3FF5 = {
						CreatedOnToolsVersion = 7.3.1;
						LastSwiftMigration = 0800;
					};
					1BFCE7911D51FA5400EA3FF5 = {
						CreatedOnToolsVersion = 7.3.1;
						LastSwiftMigration = 0800;
						TestTargetID = 1BFCE77D1D51FA5400EA3FF5;
					};
					1BFCE79C1D51FA5400EA3FF5 = {
						CreatedOnToolsVersion = 7.3.1;
						LastSwiftMigration = 0800;
						TestTargetID = 1BFCE77D1D51FA5400EA3FF5;
					};
				};
			};
			buildConfigurationList = 1BFCE7791D51FA5400EA3FF5 /* Build configuration list for PBXProject "Swift_ResponderChain" */;
			compatibilityVersion = "Xcode 3.2";
			developmentRegion = English;
			hasScannedForEncodings = 0;
			knownRegions = (
				en,
				Base,
			);
			mainGroup = 1BFCE7751D51FA5400EA3FF5;
			productRefGroup = 1BFCE77F1D51FA5400EA3FF5 /* Products */;
			projectDirPath = "";
			projectRoot = "";
			targets = (
				1BFCE77D1D51FA5400EA3FF5 /* Swift_ResponderChain */,
				1BFCE7911D51FA5400EA3FF5 /* Swift_ResponderChainTests */,
				1BFCE79C1D51FA5400EA3FF5 /* Swift_ResponderChainUITests */,
			);
		};
/* End PBXProject section */

/* Begin PBXResourcesBuildPhase section */
		1BFCE77C1D51FA5400EA3FF5 /* Resources */ = {
			isa = PBXResourcesBuildPhase;
			buildActionMask = 2147483647;
			files = (
				1BFCE78C1D51FA5400EA3FF5 /* LaunchScreen.storyboard in Resources */,
				1BFCE7891D51FA5400EA3FF5 /* Assets.xcassets in Resources */,
				1BFCE7871D51FA5400EA3FF5 /* Main.storyboard in Resources */,
			);
			runOnlyForDeploymentPostprocessing = 0;
		};
		1BFCE7901D51FA5400EA3FF5 /* Resources */ = {
			isa = PBXResourcesBuildPhase;
			buildActionMask = 2147483647;
			files = (
			);
			runOnlyForDeploymentPostprocessing = 0;
		};
		1BFCE79B1D51FA5400EA3FF5 /* Resources */ = {
			isa = PBXResourcesBuildPhase;
			buildActionMask = 2147483647;
			files = (
			);
			runOnlyForDeploymentPostprocessing = 0;
		};
/* End PBXResourcesBuildPhase section */

/* Begin PBXSourcesBuildPhase section */
		1BFCE77A1D51FA5400EA3FF5 /* Sources */ = {
			isa = PBXSourcesBuildPhase;
			buildActionMask = 2147483647;
			files = (
				1BFCE7841D51FA5400EA3FF5 /* ViewController.swift in Sources */,
				1BFCE7821D51FA5400EA3FF5 /* AppDelegate.swift in Sources */,
				1B338A451D52D02A009C1BCE /* ViewExtension.swift in Sources */,
				1BFCE7B01D52093500EA3FF5 /* Test.swift in Sources */,
			);
			runOnlyForDeploymentPostprocessing = 0;
		};
		1BFCE78E1D51FA5400EA3FF5 /* Sources */ = {
			isa = PBXSourcesBuildPhase;
			buildActionMask = 2147483647;
			files = (
				1BFCE7971D51FA5400EA3FF5 /* Swift_ResponderChainTests.swift in Sources */,
			);
			runOnlyForDeploymentPostprocessing = 0;
		};
		1BFCE7991D51FA5400EA3FF5 /* Sources */ = {
			isa = PBXSourcesBuildPhase;
			buildActionMask = 2147483647;
			files = (
				1BFCE7A21D51FA5400EA3FF5 /* Swift_ResponderChainUITests.swift in Sources */,
			);
			runOnlyForDeploymentPostprocessing = 0;
		};
/* End PBXSourcesBuildPhase section */

/* Begin PBXTargetDependency section */
		1BFCE7941D51FA5400EA3FF5 /* PBXTargetDependency */ = {
			isa = PBXTargetDependency;
			target = 1BFCE77D1D51FA5400EA3FF5 /* Swift_ResponderChain */;
			targetProxy = 1BFCE7931D51FA5400EA3FF5 /* PBXContainerItemProxy */;
		};
		1BFCE79F1D51FA5400EA3FF5 /* PBXTargetDependency */ = {
			isa = PBXTargetDependency;
			target = 1BFCE77D1D51FA5400EA3FF5 /* Swift_ResponderChain */;
			targetProxy = 1BFCE79E1D51FA5400EA3FF5 /* PBXContainerItemProxy */;
		};
/* End PBXTargetDependency section */

/* Begin PBXVariantGroup section */
		1BFCE7851D51FA5400EA3FF5 /* Main.storyboard */ = {
			isa = PBXVariantGroup;
			children = (
				1BFCE7861D51FA5400EA3FF5 /* Base */,
			);
			name = Main.storyboard;
			sourceTree = "<group>";
		};
		1BFCE78A1D51FA5400EA3FF5 /* LaunchScreen.storyboard */ = {
			isa = PBXVariantGroup;
			children = (
				1BFCE78B1D51FA5400EA3FF5 /* Base */,
			);
			name = LaunchScreen.storyboard;
			sourceTree = "<group>";
		};
/* End PBXVariantGroup section */

/* Begin XCBuildConfiguration section */
		1BFCE7A41D51FA5400EA3FF5 /* Debug */ = {
			isa = XCBuildConfiguration;
			buildSettings = {
				ALWAYS_SEARCH_USER_PATHS = NO;
				CLANG_ANALYZER_NONNULL = YES;
				CLANG_CXX_LANGUAGE_STANDARD = "gnu++0x";
				CLANG_CXX_LIBRARY = "libc++";
				CLANG_ENABLE_MODULES = YES;
				CLANG_ENABLE_OBJC_ARC = YES;
				CLANG_WARN_BOOL_CONVERSION = YES;
				CLANG_WARN_CONSTANT_CONVERSION = YES;
				CLANG_WARN_DIRECT_OBJC_ISA_USAGE = YES_ERROR;
				CLANG_WARN_EMPTY_BODY = YES;
				CLANG_WARN_ENUM_CONVERSION = YES;
				CLANG_WARN_INT_CONVERSION = YES;
				CLANG_WARN_OBJC_ROOT_CLASS = YES_ERROR;
				CLANG_WARN_UNREACHABLE_CODE = YES;
				CLANG_WARN__DUPLICATE_METHOD_MATCH = YES;
				"CODE_SIGN_IDENTITY[sdk=iphoneos*]" = "iPhone Developer";
				COPY_PHASE_STRIP = NO;
				DEBUG_INFORMATION_FORMAT = dwarf;
				ENABLE_STRICT_OBJC_MSGSEND = YES;
				ENABLE_TESTABILITY = YES;
				GCC_C_LANGUAGE_STANDARD = gnu99;
				GCC_DYNAMIC_NO_PIC = NO;
				GCC_NO_COMMON_BLOCKS = YES;
				GCC_OPTIMIZATION_LEVEL = 0;
				GCC_PREPROCESSOR_DEFINITIONS = (
					"DEBUG=1",
					"$(inherited)",
				);
				GCC_WARN_64_TO_32_BIT_CONVERSION = YES;
				GCC_WARN_ABOUT_RETURN_TYPE = YES_ERROR;
				GCC_WARN_UNDECLARED_SELECTOR = YES;
				GCC_WARN_UNINITIALIZED_AUTOS = YES_AGGRESSIVE;
				GCC_WARN_UNUSED_FUNCTION = YES;
				GCC_WARN_UNUSED_VARIABLE = YES;
				IPHONEOS_DEPLOYMENT_TARGET = 9.3;
				MTL_ENABLE_DEBUG_INFO = YES;
				ONLY_ACTIVE_ARCH = YES;
				SDKROOT = iphoneos;
				SWIFT_OPTIMIZATION_LEVEL = "-Onone";
				TARGETED_DEVICE_FAMILY = "1,2";
			};
			name = Debug;
		};
		1BFCE7A51D51FA5400EA3FF5 /* Release */ = {
			isa = XCBuildConfiguration;
			buildSettings = {
				ALWAYS_SEARCH_USER_PATHS = NO;
				CLANG_ANALYZER_NONNULL = YES;
				CLANG_CXX_LANGUAGE_STANDARD = "gnu++0x";
				CLANG_CXX_LIBRARY = "libc++";
				CLANG_ENABLE_MODULES = YES;
				CLANG_ENABLE_OBJC_ARC = YES;
				CLANG_WARN_BOOL_CONVERSION = YES;
				CLANG_WARN_CONSTANT_CONVERSION = YES;
				CLANG_WARN_DIRECT_OBJC_ISA_USAGE = YES_ERROR;
				CLANG_WARN_EMPTY_BODY = YES;
				CLANG_WARN_ENUM_CONVERSION = YES;
				CLANG_WARN_INT_CONVERSION = YES;
				CLANG_WARN_OBJC_ROOT_CLASS = YES_ERROR;
				CLANG_WARN_UNREACHABLE_CODE = YES;
				CLANG_WARN__DUPLICATE_METHOD_MATCH = YES;
				"CODE_SIGN_IDENTITY[sdk=iphoneos*]" = "iPhone Developer";
				COPY_PHASE_STRIP = NO;
				DEBUG_INFORMATION_FORMAT = "dwarf-with-dsym";
				ENABLE_NS_ASSERTIONS = NO;
				ENABLE_STRICT_OBJC_MSGSEND = YES;
				GCC_C_LANGUAGE_STANDARD = gnu99;
				GCC_NO_COMMON_BLOCKS = YES;
				GCC_WARN_64_TO_32_BIT_CONVERSION = YES;
				GCC_WARN_ABOUT_RETURN_TYPE = YES_ERROR;
				GCC_WARN_UNDECLARED_SELECTOR = YES;
				GCC_WARN_UNINITIALIZED_AUTOS = YES_AGGRESSIVE;
				GCC_WARN_UNUSED_FUNCTION = YES;
				GCC_WARN_UNUSED_VARIABLE = YES;
				IPHONEOS_DEPLOYMENT_TARGET = 9.3;
				MTL_ENABLE_DEBUG_INFO = NO;
				SDKROOT = iphoneos;
				TARGETED_DEVICE_FAMILY = "1,2";
				VALIDATE_PRODUCT = YES;
			};
			name = Release;
		};
		1BFCE7A71D51FA5400EA3FF5 /* Debug */ = {
			isa = XCBuildConfiguration;
			buildSettings = {
				ASSETCATALOG_COMPILER_APPICON_NAME = AppIcon;
				INFOPLIST_FILE = Swift_ResponderChain/Info.plist;
				LD_RUNPATH_SEARCH_PATHS = "$(inherited) @executable_path/Frameworks";
				PRODUCT_BUNDLE_IDENTIFIER = "cn.walkingtec.Swift-ResponderChain";
				PRODUCT_NAME = "$(TARGET_NAME)";
				SWIFT_VERSION = 3.0;
			};
			name = Debug;
		};
		1BFCE7A81D51FA5400EA3FF5 /* Release */ = {
			isa = XCBuildConfiguration;
			buildSettings = {
				ASSETCATALOG_COMPILER_APPICON_NAME = AppIcon;
				INFOPLIST_FILE = Swift_ResponderChain/Info.plist;
				LD_RUNPATH_SEARCH_PATHS = "$(inherited) @executable_path/Frameworks";
				PRODUCT_BUNDLE_IDENTIFIER = "cn.walkingtec.Swift-ResponderChain";
				PRODUCT_NAME = "$(TARGET_NAME)";
				SWIFT_VERSION = 3.0;
			};
			name = Release;
		};
		1BFCE7AA1D51FA5400EA3FF5 /* Debug */ = {
			isa = XCBuildConfiguration;
			buildSettings = {
				BUNDLE_LOADER = "$(TEST_HOST)";
				INFOPLIST_FILE = Swift_ResponderChainTests/Info.plist;
				LD_RUNPATH_SEARCH_PATHS = "$(inherited) @executable_path/Frameworks @loader_path/Frameworks";
				PRODUCT_BUNDLE_IDENTIFIER = "cn.walkingtec.Swift-ResponderChainTests";
				PRODUCT_NAME = "$(TARGET_NAME)";
				SWIFT_VERSION = 3.0;
				TEST_HOST = "$(BUILT_PRODUCTS_DIR)/Swift_ResponderChain.app/Swift_ResponderChain";
			};
			name = Debug;
		};
		1BFCE7AB1D51FA5400EA3FF5 /* Release */ = {
			isa = XCBuildConfiguration;
			buildSettings = {
				BUNDLE_LOADER = "$(TEST_HOST)";
				INFOPLIST_FILE = Swift_ResponderChainTests/Info.plist;
				LD_RUNPATH_SEARCH_PATHS = "$(inherited) @executable_path/Frameworks @loader_path/Frameworks";
				PRODUCT_BUNDLE_IDENTIFIER = "cn.walkingtec.Swift-ResponderChainTests";
				PRODUCT_NAME = "$(TARGET_NAME)";
				SWIFT_VERSION = 3.0;
				TEST_HOST = "$(BUILT_PRODUCTS_DIR)/Swift_ResponderChain.app/Swift_ResponderChain";
			};
			name = Release;
		};
		1BFCE7AD1D51FA5400EA3FF5 /* Debug */ = {
			isa = XCBuildConfiguration;
			buildSettings = {
				INFOPLIST_FILE = Swift_ResponderChainUITests/Info.plist;
				LD_RUNPATH_SEARCH_PATHS = "$(inherited) @executable_path/Frameworks @loader_path/Frameworks";
				PRODUCT_BUNDLE_IDENTIFIER = "cn.walkingtec.Swift-ResponderChainUITests";
				PRODUCT_NAME = "$(TARGET_NAME)";
				SWIFT_VERSION = 3.0;
				TEST_TARGET_NAME = Swift_ResponderChain;
			};
			name = Debug;
		};
		1BFCE7AE1D51FA5400EA3FF5 /* Release */ = {
			isa = XCBuildConfiguration;
			buildSettings = {
				INFOPLIST_FILE = Swift_ResponderChainUITests/Info.plist;
				LD_RUNPATH_SEARCH_PATHS = "$(inherited) @executable_path/Frameworks @loader_path/Frameworks";
				PRODUCT_BUNDLE_IDENTIFIER = "cn.walkingtec.Swift-ResponderChainUITests";
				PRODUCT_NAME = "$(TARGET_NAME)";
				SWIFT_VERSION = 3.0;
				TEST_TARGET_NAME = Swift_ResponderChain;
			};
			name = Release;
		};
/* End XCBuildConfiguration section */

/* Begin XCConfigurationList section */
		1BFCE7791D51FA5400EA3FF5 /* Build configuration list for PBXProject "Swift_ResponderChain" */ = {
			isa = XCConfigurationList;
			buildConfigurations = (
				1BFCE7A41D51FA5400EA3FF5 /* Debug */,
				1BFCE7A51D51FA5400EA3FF5 /* Release */,
			);
			defaultConfigurationIsVisible = 0;
			defaultConfigurationName = Release;
		};
		1BFCE7A61D51FA5400EA3FF5 /* Build configuration list for PBXNativeTarget "Swift_ResponderChain" */ = {
			isa = XCConfigurationList;
			buildConfigurations = (
				1BFCE7A71D51FA5400EA3FF5 /* Debug */,
				1BFCE7A81D51FA5400EA3FF5 /* Release */,
			);
			defaultConfigurationIsVisible = 0;
			defaultConfigurationName = Release;
		};
		1BFCE7A91D51FA5400EA3FF5 /* Build configuration list for PBXNativeTarget "Swift_ResponderChainTests" */ = {
			isa = XCConfigurationList;
			buildConfigurations = (
				1BFCE7AA1D51FA5400EA3FF5 /* Debug */,
				1BFCE7AB1D51FA5400EA3FF5 /* Release */,
			);
			defaultConfigurationIsVisible = 0;
			defaultConfigurationName = Release;
		};
		1BFCE7AC1D51FA5400EA3FF5 /* Build configuration list for PBXNativeTarget "Swift_ResponderChainUITests" */ = {
			isa = XCConfigurationList;
			buildConfigurations = (
				1BFCE7AD1D51FA5400EA3FF5 /* Debug */,
				1BFCE7AE1D51FA5400EA3FF5 /* Release */,
			);
			defaultConfigurationIsVisible = 0;
			defaultConfigurationName = Release;
		};
/* End XCConfigurationList section */
	};
	rootObject = 1BFCE7761D51FA5400EA3FF5 /* Project object */;
}
