PODS:
  - AFNetworking (2.6.3):
    - AFNetworking/NSURLConnection (= 2.6.3)
    - AFNetworking/NSURLSession (= 2.6.3)
    - AFNetworking/Reachability (= 2.6.3)
    - AFNetworking/Security (= 2.6.3)
    - AFNetworking/Serialization (= 2.6.3)
    - AFNetworking/UIKit (= 2.6.3)
  - AFNetworking/NSURLConnection (2.6.3):
    - AFNetworking/Reachability
    - AFNetworking/Security
    - AFNetworking/Serialization
  - AFNetworking/NSURLSession (2.6.3):
    - AFNetworking/Reachability
    - AFNetworking/Security
    - AFNetworking/Serialization
  - AFNetworking/Reachability (2.6.3)
  - AFNetworking/Security (2.6.3)
  - AFNetworking/Serialization (2.6.3)
  - AFNetworking/UIKit (2.6.3):
    - AFNetworking/NSURLConnection
    - AFNetworking/NSURLSession
  - Masonry (1.0.1)
  - MJExtension (3.0.10)
  - MJRefresh (3.1.8)
  - SDWebImage (3.8.1):
    - SDWebImage/Core (= 3.8.1)
  - SDWebImage/Core (3.8.1)
  - SignalR-ObjC (2.0.2):
    - SignalR-ObjC/Core (= 2.0.2)
  - SignalR-ObjC/Core (2.0.2):
    - AFNetworking (~> 2.0)
    - SocketRocket (~> 0.4)
  - SocketRocket (0.5.1)
  - SVProgressHUD (2.0.3)

DEPENDENCIES:
  - AFNetworking
  - Masonry
  - MJExtension
  - MJRefresh
  - SDWebImage
  - SignalR-ObjC (~> 2.0)
  - SVProgressHUD

SPEC CHECKSUMS:
  AFNetworking: cb8d14a848e831097108418f5d49217339d4eb60
  Masonry: a1a931a0d08870ed8ae415a2ea5ea68ebcac77df
  MJExtension: d86aacb740c87519d20e3cca55b6fa4be6cc7548
  MJRefresh: d226bbe0b1ec398f426ba1dc99319b4e51182e19
  SDWebImage: 35f9627a3e44b4f292a8a8ce6a531fa488239b91
  SignalR-ObjC: 3913aa201f436cf21226e0016ca6c7e94265921a
  SocketRocket: d57c7159b83c3c6655745cd15302aa24b6bae531
  SVProgressHUD: b0830714205bea1317ea1a2ebc71e5633af334d4

PODFILE CHECKSUM: c0a4deff7692216e3ac48c444e15b7f4f0cf3681

COCOAPODS: 1.0.1
